# This file was autogenerated by Stack.
# You should not edit this file by hand.
# For more information, please see the documentation at:
#   https://docs.haskellstack.org/en/stable/lock_files

packages:
- completed:
    cabal-file:
      size: 3952
      sha256: 1826f642c8068c1e95fecbcf73b157e6c975c1c082931b1815068536af5935b5
    name: algebra
    version: 4.3.1
    git: https://github.com/ekmett/algebra.git
    pantry-tree:
      size: 5862
      sha256: 9867ea02594218ad43314ea9ea8b4e73c7bf6bd01048f147d21ea8571d8eb087
    commit: 443e82dc3070ae67c01bfb506a04d9fa37e98ba0
  original:
    git: https://github.com/ekmett/algebra.git
    commit: 443e82dc3070ae67c01bfb506a04d9fa37e98ba0
snapshots:
- completed:
    size: 496111
    url: https://raw.githubusercontent.com/commercialhaskell/stackage-snapshots/master/lts/15/14.yaml
    sha256: c442d702d66b8c129b3473a32c609050aabf1dc2f8e8502402c143271a8fb141
  original: lts-15.14
