# This file was autogenerated by Stack.
# You should not edit this file by hand.
# For more information, please see the documentation at:
#   https://docs.haskellstack.org/en/stable/lock_files

packages:
- completed:
    name: algebra
    version: 4.3.1
    git: https://github.com/ekmett/algebra.git
    pantry-tree:
      size: 5862
      sha256: 9867ea02594218ad43314ea9ea8b4e73c7bf6bd01048f147d21ea8571d8eb087
    commit: 443e82dc3070ae67c01bfb506a04d9fa37e98ba0
  original:
    git: https://github.com/ekmett/algebra.git
    commit: 443e82dc3070ae67c01bfb506a04d9fa37e98ba0
snapshots:
- completed:
    size: 534126
    url: https://raw.githubusercontent.com/commercialhaskell/stackage-snapshots/master/lts/16/31.yaml
    sha256: 637fb77049b25560622a224845b7acfe81a09fdb6a96a3c75997a10b651667f6
  original: lts-16.31
